
Microsoft Visual Studio Solution File, Format Version 12.00
# Visual Studio Version 16
VisualStudioVersion = 16.0.31205.134
MinimumVisualStudioVersion = 10.0.40219.1
Project("{9A19103F-16F7-4668-BE54-9A1E7A4F7556}") = "calculatorDereza", "calculatorDereza\calculatorDereza.csproj", "{79FB9F86-B4D8-4BEC-B512-7A9D717DFB20}"
EndProject
Global
	GlobalSection(SolutionConfigurationPlatforms) = preSolution
		Debug|Any CPU = Debug|Any CPU
		Release|Any CPU = Release|Any CPU
	EndGlobalSection
	GlobalSection(ProjectConfigurationPlatforms) = postSolution
		{79FB9F86-B4D8-4BEC-B512-7A9D717DFB20}.Debug|Any CPU.ActiveCfg = Debug|Any CPU
		{79FB9F86-B4D8-4BEC-B512-7A9D717DFB20}.Debug|Any CPU.Build.0 = Debug|Any CPU
		{79FB9F86-B4D8-4BEC-B512-7A9D717DFB20}.Release|Any CPU.ActiveCfg = Release|Any CPU
		{79FB9F86-B4D8-4BEC-B512-7A9D717DFB20}.Release|Any CPU.Build.0 = Release|Any CPU
	EndGlobalSection
	GlobalSection(SolutionProperties) = preSolution
		HideSolutionNode = FALSE
	EndGlobalSection
	GlobalSection(ExtensibilityGlobals) = postSolution
		SolutionGuid = {BF813430-DD93-4EA3-ACD1-FE7AFB54BC4F}
	EndGlobalSection
EndGlobal
